{
  "name": "@okcanvas/agent-service-cli",
  "version": "0.2.1",
  "lockfileVersion": 3,
  "requires": true,
  "packages": {
    "": {
      "name": "@okcanvas/agent-service-cli",
      "version": "0.2.1",
      "bin": {
        "okcanvas-agent": "src/cli.mjs"
      },
      "engines": {
        "node": ">=20"
      }
    }
  }
}
