{
  "name": "@okcanvas/organization-context-api-fake-example",
  "version": "0.2.2",
  "lockfileVersion": 3,
  "requires": true,
  "packages": {
    "": {
      "name": "@okcanvas/organization-context-api-fake-example",
      "version": "0.2.2",
      "devDependencies": {
        "typescript": "file:vendor/typescript-5.8.3.tgz"
      },
      "engines": {
        "node": ">=20"
      }
    },
    "node_modules/typescript": {
      "version": "5.8.3",
      "resolved": "file:vendor/typescript-5.8.3.tgz",
      "integrity": "sha512-W9DUJf/YRhmZmJD3S6CueakO7/l5Eo2FVdwB4g/4OoTs6/6USZ+4othMrhMW+QQhKAOeWCu675H5rPbzZ5yNSQ==",
      "dev": true,
      "license": "Apache-2.0",
      "bin": {
        "tsc": "bin/tsc",
        "tsserver": "bin/tsserver"
      },
      "engines": {
        "node": ">=14.17"
      }
    }
  }
}
